
Microsoft Visual Studio Solution File, Format Version 12.00
# Visual Studio Version 16
VisualStudioVersion = 16.0.31624.102
MinimumVisualStudioVersion = 10.0.40219.1
Project("{FAE04EC0-301F-11D3-BF4B-00C04F79EFBC}") = "BookBuy", "WindowsFormsApp1\BookBuy.csproj", "{5E4566E9-BBBC-49B1-BE66-A0DC0BA1BDE4}"
EndProject
Global
	GlobalSection(SolutionConfigurationPlatforms) = preSolution
		Debug|Any CPU = Debug|Any CPU
		Release|Any CPU = Release|Any CPU
	EndGlobalSection
	GlobalSection(ProjectConfigurationPlatforms) = postSolution
		{5E4566E9-BBBC-49B1-BE66-A0DC0BA1BDE4}.Debug|Any CPU.ActiveCfg = Debug|Any CPU
		{5E4566E9-BBBC-49B1-BE66-A0DC0BA1BDE4}.Debug|Any CPU.Build.0 = Debug|Any CPU
		{5E4566E9-BBBC-49B1-BE66-A0DC0BA1BDE4}.Release|Any CPU.ActiveCfg = Release|Any CPU
		{5E4566E9-BBBC-49B1-BE66-A0DC0BA1BDE4}.Release|Any CPU.Build.0 = Release|Any CPU
	EndGlobalSection
	GlobalSection(SolutionProperties) = preSolution
		HideSolutionNode = FALSE
	EndGlobalSection
	GlobalSection(ExtensibilityGlobals) = postSolution
		SolutionGuid = {FBAB38E8-59DC-4A36-9139-DEF40C61B0B6}
	EndGlobalSection
EndGlobal
